
Microsoft Visual Studio Solution File, Format Version 12.00
# Visual Studio Version 17
VisualStudioVersion = 17.14.36623.8
MinimumVisualStudioVersion = 10.0.40219.1
Project("{FAE04EC0-301F-11D3-BF4B-00C04F79EFBC}") = "FunctionLibrary", "FunctionLibrary\FunctionLibrary.csproj", "{A2CFA1A0-BC3F-4449-A3C2-F93A9905C3A2}"
EndProject
Project("{FAE04EC0-301F-11D3-BF4B-00C04F79EFBC}") = "OnDemandTaskAsynchPatternWithHostService", "OnDemandTaskAsynchPatternWithHostService\OnDemandTaskAsynchPatternWithHostService.csproj", "{0A8AC66B-909F-E241-4CA4-2E5E2C509EAD}"
EndProject
Global
	GlobalSection(SolutionConfigurationPlatforms) = preSolution
		Debug|Any CPU = Debug|Any CPU
		Release|Any CPU = Release|Any CPU
	EndGlobalSection
	GlobalSection(ProjectConfigurationPlatforms) = postSolution
		{A2CFA1A0-BC3F-4449-A3C2-F93A9905C3A2}.Debug|Any CPU.ActiveCfg = Debug|Any CPU
		{A2CFA1A0-BC3F-4449-A3C2-F93A9905C3A2}.Debug|Any CPU.Build.0 = Debug|Any CPU
		{A2CFA1A0-BC3F-4449-A3C2-F93A9905C3A2}.Release|Any CPU.ActiveCfg = Release|Any CPU
		{A2CFA1A0-BC3F-4449-A3C2-F93A9905C3A2}.Release|Any CPU.Build.0 = Release|Any CPU
		{0A8AC66B-909F-E241-4CA4-2E5E2C509EAD}.Debug|Any CPU.ActiveCfg = Debug|Any CPU
		{0A8AC66B-909F-E241-4CA4-2E5E2C509EAD}.Debug|Any CPU.Build.0 = Debug|Any CPU
		{0A8AC66B-909F-E241-4CA4-2E5E2C509EAD}.Release|Any CPU.ActiveCfg = Release|Any CPU
		{0A8AC66B-909F-E241-4CA4-2E5E2C509EAD}.Release|Any CPU.Build.0 = Release|Any CPU
	EndGlobalSection
	GlobalSection(SolutionProperties) = preSolution
		HideSolutionNode = FALSE
	EndGlobalSection
	GlobalSection(ExtensibilityGlobals) = postSolution
		SolutionGuid = {3C81686A-A546-444D-BAAA-43AF6B184FB8}
	EndGlobalSection
EndGlobal
